// !$*UTF8*$!
{
	archiveVersion = 1;
	classes = {
	};
	objectVersion = 42;
	objects = {

/* Begin PBXFileReference section */
		10294C5011A1A01400AAF551 /* pole.cu */ = {isa = PBXFileReference; fileEncoding = 4; lastKnownFileType = sourcecode.cuda; path = pole.cu; sourceTree = "<group>"; };
		10294C5111A1A01400AAF551 /* pole.h */ = {isa = PBXFileReference; fileEncoding = 4; lastKnownFileType = sourcecode.c.h; path = pole.h; sourceTree = "<group>"; };
		10294D4211A1B49500AAF551 /* profile_config */ = {isa = PBXFileReference; fileEncoding = 4; lastKnownFileType = text; path = profile_config; sourceTree = "<group>"; };
		10294DA311A1B99300AAF551 /* pole_profile_log.csv */ = {isa = PBXFileReference; fileEncoding = 4; lastKnownFileType = text; path = pole_profile_log.csv; sourceTree = "<group>"; };
		1051E12C121F06E200BB27B0 /* main.h */ = {isa = PBXFileReference; fileEncoding = 4; lastKnownFileType = sourcecode.c.h; path = main.h; sourceTree = "<group>"; };
		1051E2C91220865A00BB27B0 /* notes.txt */ = {isa = PBXFileReference; fileEncoding = 4; lastKnownFileType = text; path = notes.txt; sourceTree = "<group>"; };
		10662F98127AE8C40044E2E2 /* differ_notes.txt */ = {isa = PBXFileReference; fileEncoding = 4; lastKnownFileType = text; path = differ_notes.txt; sourceTree = "<group>"; };
		106F8AE2125B4C6E00DD0860 /* cuda_row_reduction.h */ = {isa = PBXFileReference; fileEncoding = 4; lastKnownFileType = sourcecode.c.h; path = cuda_row_reduction.h; sourceTree = "<group>"; };
		106F8AE3125B4C6E00DD0860 /* cuda_row_reduction.cu */ = {isa = PBXFileReference; fileEncoding = 4; lastKnownFileType = sourcecode.cuda; path = cuda_row_reduction.cu; sourceTree = "<group>"; };
		106F8B75125B5B8500DD0860 /* home_junk */ = {isa = PBXFileReference; fileEncoding = 4; lastKnownFileType = text; path = home_junk; sourceTree = "<group>"; };
		106F8B77125B5B9E00DD0860 /* res_junk */ = {isa = PBXFileReference; fileEncoding = 4; lastKnownFileType = text; path = res_junk; sourceTree = "<group>"; };
		106FF7F5119EE68B000CD6C8 /* Makefile */ = {isa = PBXFileReference; fileEncoding = 4; lastKnownFileType = sourcecode.make; path = Makefile; sourceTree = "<group>"; };
		106FF80D119EE7F5000CD6C8 /* main.c */ = {isa = PBXFileReference; fileEncoding = 4; lastKnownFileType = sourcecode.c.c; path = main.c; sourceTree = "<group>"; };
		106FF828119EEF51000CD6C8 /* cuda_utils.h */ = {isa = PBXFileReference; fileEncoding = 4; lastKnownFileType = sourcecode.c.h; path = cuda_utils.h; sourceTree = "<group>"; };
		106FF829119EEF51000CD6C8 /* cuda_utils.cu */ = {isa = PBXFileReference; fileEncoding = 4; lastKnownFileType = sourcecode.cuda; path = cuda_utils.cu; sourceTree = "<group>"; };
		109C8635126CDD5C006AA2BC /* todo.txt */ = {isa = PBXFileReference; fileEncoding = 4; lastKnownFileType = text; path = todo.txt; sourceTree = "<group>"; };
		10BE2F3F121C687E0080230A /* cuda_rand.cu */ = {isa = PBXFileReference; fileEncoding = 4; lastKnownFileType = sourcecode.cuda; path = cuda_rand.cu; sourceTree = "<group>"; };
		10EA458412751DB6001A6514 /* device_memory_requirements.numbers */ = {isa = PBXFileReference; lastKnownFileType = file; name = device_memory_requirements.numbers; path = stats/device_memory_requirements.numbers; sourceTree = "<group>"; };
		10EA45931275A592001A6514 /* CUDA_Occupancy_calculator.numbers */ = {isa = PBXFileReference; lastKnownFileType = file; path = CUDA_Occupancy_calculator.numbers; sourceTree = "<group>"; };
		10EA46E01277191C001A6514 /* branch_notes.txt */ = {isa = PBXFileReference; fileEncoding = 4; lastKnownFileType = text; path = branch_notes.txt; sourceTree = "<group>"; };
/* End PBXFileReference section */

/* Begin PBXGroup section */
		10294D9B11A1B93300AAF551 /* source */ = {
			isa = PBXGroup;
			children = (
				106F8AE1125B4C5900DD0860 /* reduction */,
				1051E12C121F06E200BB27B0 /* main.h */,
				106FF80D119EE7F5000CD6C8 /* main.c */,
				10294C5111A1A01400AAF551 /* pole.h */,
				10294C5011A1A01400AAF551 /* pole.cu */,
				106FF828119EEF51000CD6C8 /* cuda_utils.h */,
				106FF829119EEF51000CD6C8 /* cuda_utils.cu */,
				10BE2F3F121C687E0080230A /* cuda_rand.cu */,
			);
			name = source;
			sourceTree = "<group>";
		};
		10294D9C11A1B93D00AAF551 /* other */ = {
			isa = PBXGroup;
			children = (
				10EA45931275A592001A6514 /* CUDA_Occupancy_calculator.numbers */,
				10EA458412751DB6001A6514 /* device_memory_requirements.numbers */,
				106FF7F5119EE68B000CD6C8 /* Makefile */,
				10294D4211A1B49500AAF551 /* profile_config */,
				10294DA311A1B99300AAF551 /* pole_profile_log.csv */,
			);
			name = other;
			sourceTree = "<group>";
		};
		106F8AE1125B4C5900DD0860 /* reduction */ = {
			isa = PBXGroup;
			children = (
				106F8AE2125B4C6E00DD0860 /* cuda_row_reduction.h */,
				106F8AE3125B4C6E00DD0860 /* cuda_row_reduction.cu */,
			);
			name = reduction;
			sourceTree = "<group>";
		};
		106FF7E9119EE654000CD6C8 = {
			isa = PBXGroup;
			children = (
				10EA46DF127718F8001A6514 /* notes */,
				106F8B75125B5B8500DD0860 /* home_junk */,
				106F8B77125B5B9E00DD0860 /* res_junk */,
				10294D9C11A1B93D00AAF551 /* other */,
				10294D9B11A1B93300AAF551 /* source */,
			);
			sourceTree = "<group>";
		};
		10EA46DF127718F8001A6514 /* notes */ = {
			isa = PBXGroup;
			children = (
				10EA46E01277191C001A6514 /* branch_notes.txt */,
				1051E2C91220865A00BB27B0 /* notes.txt */,
				109C8635126CDD5C006AA2BC /* todo.txt */,
				10662F98127AE8C40044E2E2 /* differ_notes.txt */,
			);
			name = notes;
			sourceTree = "<group>";
		};
/* End PBXGroup section */

/* Begin PBXLegacyTarget section */
		10294CDE11A1AF0E00AAF551 /* poledebug */ = {
			isa = PBXLegacyTarget;
			buildArgumentsString = "$(ACTION) --debug";
			buildConfigurationList = 10294CDF11A1AF0E00AAF551 /* Build configuration list for PBXLegacyTarget "poledebug" */;
			buildPhases = (
			);
			buildToolPath = /usr/bin/make;
			buildWorkingDirectory = "";
			dependencies = (
			);
			name = poledebug;
			passBuildSettingsInEnvironment = 1;
			productName = cuda_skeleton;
		};
		106FF818119EEEB0000CD6C8 /* pole */ = {
			isa = PBXLegacyTarget;
			buildArgumentsString = "$(ACTION) ";
			buildConfigurationList = 106FF821119EEEC1000CD6C8 /* Build configuration list for PBXLegacyTarget "pole" */;
			buildPhases = (
			);
			buildToolPath = /usr/bin/make;
			buildWorkingDirectory = "";
			dependencies = (
			);
			name = pole;
			passBuildSettingsInEnvironment = 1;
			productName = cuda_skeleton;
		};
		10BE2F48121C6A210080230A /* Build All */ = {
			isa = PBXLegacyTarget;
			buildArgumentsString = "-B $(ACTION) ";
			buildConfigurationList = 10BE2F49121C6A210080230A /* Build configuration list for PBXLegacyTarget "Build All" */;
			buildPhases = (
			);
			buildToolPath = /usr/bin/make;
			buildWorkingDirectory = "";
			dependencies = (
			);
			name = "Build All";
			passBuildSettingsInEnvironment = 1;
			productName = cuda_skeleton;
		};
/* End PBXLegacyTarget section */

/* Begin PBXProject section */
		106FF7EB119EE654000CD6C8 /* Project object */ = {
			isa = PBXProject;
			buildConfigurationList = 106FF7EE119EE654000CD6C8 /* Build configuration list for PBXProject "pole" */;
			compatibilityVersion = "Xcode 2.4";
			developmentRegion = English;
			hasScannedForEncodings = 0;
			knownRegions = (
				English,
				Japanese,
				French,
				German,
			);
			mainGroup = 106FF7E9119EE654000CD6C8;
			projectDirPath = "";
			projectRoot = "";
			targets = (
				106FF818119EEEB0000CD6C8 /* pole */,
				10294CDE11A1AF0E00AAF551 /* poledebug */,
				10BE2F48121C6A210080230A /* Build All */,
			);
		};
/* End PBXProject section */

/* Begin XCBuildConfiguration section */
		10294CE011A1AF0E00AAF551 /* Debug */ = {
			isa = XCBuildConfiguration;
			buildSettings = {
				COPY_PHASE_STRIP = NO;
				GCC_DYNAMIC_NO_PIC = NO;
				GCC_OPTIMIZATION_LEVEL = 0;
				PRODUCT_NAME = pole;
			};
			name = Debug;
		};
		10294CE111A1AF0E00AAF551 /* Release */ = {
			isa = XCBuildConfiguration;
			buildSettings = {
				COPY_PHASE_STRIP = YES;
				DEBUG_INFORMATION_FORMAT = "dwarf-with-dsym";
				GCC_ENABLE_FIX_AND_CONTINUE = NO;
				PRODUCT_NAME = pole;
				ZERO_LINK = NO;
			};
			name = Release;
		};
		106FF7EC119EE654000CD6C8 /* Debug */ = {
			isa = XCBuildConfiguration;
			buildSettings = {
				COPY_PHASE_STRIP = NO;
			};
			name = Debug;
		};
		106FF7ED119EE654000CD6C8 /* Release */ = {
			isa = XCBuildConfiguration;
			buildSettings = {
				COPY_PHASE_STRIP = YES;
			};
			name = Release;
		};
		106FF819119EEEB0000CD6C8 /* Debug */ = {
			isa = XCBuildConfiguration;
			buildSettings = {
				COPY_PHASE_STRIP = NO;
				GCC_DYNAMIC_NO_PIC = NO;
				GCC_OPTIMIZATION_LEVEL = 0;
				PRODUCT_NAME = pole;
			};
			name = Debug;
		};
		106FF81A119EEEB0000CD6C8 /* Release */ = {
			isa = XCBuildConfiguration;
			buildSettings = {
				COPY_PHASE_STRIP = YES;
				DEBUG_INFORMATION_FORMAT = "dwarf-with-dsym";
				GCC_ENABLE_FIX_AND_CONTINUE = NO;
				PRODUCT_NAME = pole;
				ZERO_LINK = NO;
			};
			name = Release;
		};
		10BE2F4A121C6A210080230A /* Debug */ = {
			isa = XCBuildConfiguration;
			buildSettings = {
				COPY_PHASE_STRIP = NO;
				GCC_DYNAMIC_NO_PIC = NO;
				GCC_OPTIMIZATION_LEVEL = 0;
				PRODUCT_NAME = "Build All";
			};
			name = Debug;
		};
		10BE2F4B121C6A210080230A /* Release */ = {
			isa = XCBuildConfiguration;
			buildSettings = {
				COPY_PHASE_STRIP = YES;
				DEBUG_INFORMATION_FORMAT = "dwarf-with-dsym";
				GCC_ENABLE_FIX_AND_CONTINUE = NO;
				PRODUCT_NAME = pole;
				ZERO_LINK = NO;
			};
			name = Release;
		};
/* End XCBuildConfiguration section */

/* Begin XCConfigurationList section */
		10294CDF11A1AF0E00AAF551 /* Build configuration list for PBXLegacyTarget "poledebug" */ = {
			isa = XCConfigurationList;
			buildConfigurations = (
				10294CE011A1AF0E00AAF551 /* Debug */,
				10294CE111A1AF0E00AAF551 /* Release */,
			);
			defaultConfigurationIsVisible = 0;
			defaultConfigurationName = Release;
		};
		106FF7EE119EE654000CD6C8 /* Build configuration list for PBXProject "pole" */ = {
			isa = XCConfigurationList;
			buildConfigurations = (
				106FF7EC119EE654000CD6C8 /* Debug */,
				106FF7ED119EE654000CD6C8 /* Release */,
			);
			defaultConfigurationIsVisible = 0;
			defaultConfigurationName = Release;
		};
		106FF821119EEEC1000CD6C8 /* Build configuration list for PBXLegacyTarget "pole" */ = {
			isa = XCConfigurationList;
			buildConfigurations = (
				106FF819119EEEB0000CD6C8 /* Debug */,
				106FF81A119EEEB0000CD6C8 /* Release */,
			);
			defaultConfigurationIsVisible = 0;
			defaultConfigurationName = Release;
		};
		10BE2F49121C6A210080230A /* Build configuration list for PBXLegacyTarget "Build All" */ = {
			isa = XCConfigurationList;
			buildConfigurations = (
				10BE2F4A121C6A210080230A /* Debug */,
				10BE2F4B121C6A210080230A /* Release */,
			);
			defaultConfigurationIsVisible = 0;
			defaultConfigurationName = Release;
		};
/* End XCConfigurationList section */
	};
	rootObject = 106FF7EB119EE654000CD6C8 /* Project object */;
}
